
Microsoft Visual Studio Solution File, Format Version 12.00
# Visual Studio Version 17
VisualStudioVersion = 17.4.33122.133
MinimumVisualStudioVersion = 10.0.40219.1
Project("{8BC9CEB8-8B4A-11D0-8D11-00A0C91BC942}") = "pb6", "pb6.vcxproj", "{EE059952-793B-42D8-A79E-9A00038BEDF9}"
EndProject
Global
	GlobalSection(SolutionConfigurationPlatforms) = preSolution
		Debug|x64 = Debug|x64
		Debug|x86 = Debug|x86
		Release|x64 = Release|x64
		Release|x86 = Release|x86
	EndGlobalSection
	GlobalSection(ProjectConfigurationPlatforms) = postSolution
		{EE059952-793B-42D8-A79E-9A00038BEDF9}.Debug|x64.ActiveCfg = Debug|x64
		{EE059952-793B-42D8-A79E-9A00038BEDF9}.Debug|x64.Build.0 = Debug|x64
		{EE059952-793B-42D8-A79E-9A00038BEDF9}.Debug|x86.ActiveCfg = Debug|Win32
		{EE059952-793B-42D8-A79E-9A00038BEDF9}.Debug|x86.Build.0 = Debug|Win32
		{EE059952-793B-42D8-A79E-9A00038BEDF9}.Release|x64.ActiveCfg = Release|x64
		{EE059952-793B-42D8-A79E-9A00038BEDF9}.Release|x64.Build.0 = Release|x64
		{EE059952-793B-42D8-A79E-9A00038BEDF9}.Release|x86.ActiveCfg = Release|Win32
		{EE059952-793B-42D8-A79E-9A00038BEDF9}.Release|x86.Build.0 = Release|Win32
	EndGlobalSection
	GlobalSection(SolutionProperties) = preSolution
		HideSolutionNode = FALSE
	EndGlobalSection
	GlobalSection(ExtensibilityGlobals) = postSolution
		SolutionGuid = {8A02C667-FCCA-4D32-97B7-8907A6EE8055}
	EndGlobalSection
EndGlobal
