
Microsoft Visual Studio Solution File, Format Version 12.00
# Visual Studio Version 17
VisualStudioVersion = 17.4.33122.133
MinimumVisualStudioVersion = 10.0.40219.1
Project("{8BC9CEB8-8B4A-11D0-8D11-00A0C91BC942}") = "pb3", "pb3.vcxproj", "{246DC021-83F0-4395-AA1E-082C26DE9C60}"
EndProject
Global
	GlobalSection(SolutionConfigurationPlatforms) = preSolution
		Debug|x64 = Debug|x64
		Debug|x86 = Debug|x86
		Release|x64 = Release|x64
		Release|x86 = Release|x86
	EndGlobalSection
	GlobalSection(ProjectConfigurationPlatforms) = postSolution
		{246DC021-83F0-4395-AA1E-082C26DE9C60}.Debug|x64.ActiveCfg = Debug|x64
		{246DC021-83F0-4395-AA1E-082C26DE9C60}.Debug|x64.Build.0 = Debug|x64
		{246DC021-83F0-4395-AA1E-082C26DE9C60}.Debug|x86.ActiveCfg = Debug|Win32
		{246DC021-83F0-4395-AA1E-082C26DE9C60}.Debug|x86.Build.0 = Debug|Win32
		{246DC021-83F0-4395-AA1E-082C26DE9C60}.Release|x64.ActiveCfg = Release|x64
		{246DC021-83F0-4395-AA1E-082C26DE9C60}.Release|x64.Build.0 = Release|x64
		{246DC021-83F0-4395-AA1E-082C26DE9C60}.Release|x86.ActiveCfg = Release|Win32
		{246DC021-83F0-4395-AA1E-082C26DE9C60}.Release|x86.Build.0 = Release|Win32
	EndGlobalSection
	GlobalSection(SolutionProperties) = preSolution
		HideSolutionNode = FALSE
	EndGlobalSection
	GlobalSection(ExtensibilityGlobals) = postSolution
		SolutionGuid = {EDACEFBB-31A6-48B7-B084-5EC4E58F9B78}
	EndGlobalSection
EndGlobal
